
Microsoft Visual Studio Solution File, Format Version 12.00
# Visual Studio Version 17
VisualStudioVersion = 17.0.32126.317
MinimumVisualStudioVersion = 10.0.40219.1
Project("{FAE04EC0-301F-11D3-BF4B-00C04F79EFBC}") = "EvaluateSurveySubscriber", "EvaluateSurveySubscriber\EvaluateSurveySubscriber.csproj", "{610E58A6-E140-48AD-95BA-20A0241580BD}"
EndProject
Project("{FAE04EC0-301F-11D3-BF4B-00C04F79EFBC}") = "EvaluateSurveySubscriber.Tests", "EvaluateSurveySubscriber.Tests\EvaluateSurveySubscriber.Tests.csproj", "{02987A90-44EE-4F9F-AE92-A97E894E36BC}"
EndProject
Global
	GlobalSection(SolutionConfigurationPlatforms) = preSolution
		Debug|Any CPU = Debug|Any CPU
		Release|Any CPU = Release|Any CPU
	EndGlobalSection
	GlobalSection(ProjectConfigurationPlatforms) = postSolution
		{610E58A6-E140-48AD-95BA-20A0241580BD}.Debug|Any CPU.ActiveCfg = Debug|Any CPU
		{610E58A6-E140-48AD-95BA-20A0241580BD}.Debug|Any CPU.Build.0 = Debug|Any CPU
		{610E58A6-E140-48AD-95BA-20A0241580BD}.Release|Any CPU.ActiveCfg = Release|Any CPU
		{610E58A6-E140-48AD-95BA-20A0241580BD}.Release|Any CPU.Build.0 = Release|Any CPU
		{02987A90-44EE-4F9F-AE92-A97E894E36BC}.Debug|Any CPU.ActiveCfg = Debug|Any CPU
		{02987A90-44EE-4F9F-AE92-A97E894E36BC}.Debug|Any CPU.Build.0 = Debug|Any CPU
		{02987A90-44EE-4F9F-AE92-A97E894E36BC}.Release|Any CPU.ActiveCfg = Release|Any CPU
		{02987A90-44EE-4F9F-AE92-A97E894E36BC}.Release|Any CPU.Build.0 = Release|Any CPU
	EndGlobalSection
	GlobalSection(SolutionProperties) = preSolution
		HideSolutionNode = FALSE
	EndGlobalSection
	GlobalSection(ExtensibilityGlobals) = postSolution
		SolutionGuid = {3B5CDDF5-E95C-473E-AD39-82317DA78E3E}
	EndGlobalSection
EndGlobal
