
Microsoft Visual Studio Solution File, Format Version 12.00
# Visual Studio Version 16
VisualStudioVersion = 16.0.31025.194
MinimumVisualStudioVersion = 10.0.40219.1
Project("{9A19103F-16F7-4668-BE54-9A1E7A4F7556}") = "UpdateSurveyStatusService", "UpdateSurveyStatusService\UpdateSurveyStatusService.csproj", "{37A90780-6B84-4EB7-93B7-3524D55B5B74}"
EndProject
Project("{FAE04EC0-301F-11D3-BF4B-00C04F79EFBC}") = "UpdateSurveyStatusService.Tests", "UpdateSurveyStatusService.Tests\UpdateSurveyStatusService.Tests.csproj", "{D868D446-8874-42F8-8B74-C7770578DFAE}"
EndProject
Project("{2150E333-8FDC-42A3-9474-1A3956D46DE8}") = "Solution Items", "Solution Items", "{63DA108F-D437-430C-B28C-B4D9C11052A6}"
	ProjectSection(SolutionItems) = preProject
		schema.avro = schema.avro
	EndProjectSection
EndProject
Global
	GlobalSection(SolutionConfigurationPlatforms) = preSolution
		Debug|Any CPU = Debug|Any CPU
		Release|Any CPU = Release|Any CPU
	EndGlobalSection
	GlobalSection(ProjectConfigurationPlatforms) = postSolution
		{37A90780-6B84-4EB7-93B7-3524D55B5B74}.Debug|Any CPU.ActiveCfg = Debug|Any CPU
		{37A90780-6B84-4EB7-93B7-3524D55B5B74}.Debug|Any CPU.Build.0 = Debug|Any CPU
		{37A90780-6B84-4EB7-93B7-3524D55B5B74}.Release|Any CPU.ActiveCfg = Release|Any CPU
		{37A90780-6B84-4EB7-93B7-3524D55B5B74}.Release|Any CPU.Build.0 = Release|Any CPU
		{D868D446-8874-42F8-8B74-C7770578DFAE}.Debug|Any CPU.ActiveCfg = Debug|Any CPU
		{D868D446-8874-42F8-8B74-C7770578DFAE}.Debug|Any CPU.Build.0 = Debug|Any CPU
		{D868D446-8874-42F8-8B74-C7770578DFAE}.Release|Any CPU.ActiveCfg = Release|Any CPU
		{D868D446-8874-42F8-8B74-C7770578DFAE}.Release|Any CPU.Build.0 = Release|Any CPU
	EndGlobalSection
	GlobalSection(SolutionProperties) = preSolution
		HideSolutionNode = FALSE
	EndGlobalSection
	GlobalSection(ExtensibilityGlobals) = postSolution
		SolutionGuid = {C1291017-8F92-4ADD-B77D-D1F49A8D1DFB}
	EndGlobalSection
EndGlobal
